
Microsoft Visual Studio Solution File, Format Version 12.00
# Visual Studio 15
VisualStudioVersion = 15.0.27703.2018
MinimumVisualStudioVersion = 10.0.40219.1
Project("{6EC3EE1D-3C4E-46DD-8F32-0CC8E7565705}") = "vuefs", "vuefs.fsproj", "{239317BD-C8AB-4861-9EA2-7515DAFAD9AE}"
EndProject
Global
	GlobalSection(SolutionConfigurationPlatforms) = preSolution
		Debug|Any CPU = Debug|Any CPU
		Release|Any CPU = Release|Any CPU
	EndGlobalSection
	GlobalSection(ProjectConfigurationPlatforms) = postSolution
		{239317BD-C8AB-4861-9EA2-7515DAFAD9AE}.Debug|Any CPU.ActiveCfg = Debug|Any CPU
		{239317BD-C8AB-4861-9EA2-7515DAFAD9AE}.Debug|Any CPU.Build.0 = Debug|Any CPU
		{239317BD-C8AB-4861-9EA2-7515DAFAD9AE}.Release|Any CPU.ActiveCfg = Release|Any CPU
		{239317BD-C8AB-4861-9EA2-7515DAFAD9AE}.Release|Any CPU.Build.0 = Release|Any CPU
	EndGlobalSection
	GlobalSection(SolutionProperties) = preSolution
		HideSolutionNode = FALSE
	EndGlobalSection
	GlobalSection(ExtensibilityGlobals) = postSolution
		SolutionGuid = {A1058D7A-F136-437C-AA2E-B9DD2013775F}
	EndGlobalSection
EndGlobal
